<?xml version="1.0" encoding="utf-8"?>
<Project ToolsVersion="4.0" xmlns="http://schemas.microsoft.com/developer/msbuild/2003">
  <ItemGroup>
    <ClCompile Include="ContentToText.cpp" />
    <ClCompile Include="CreateFaceEngine.cpp" />
    <ClCompile Include="FaceFront_24x24_2008_08_29_161712_7.cpp">
      <Filter>Models</Filter>
    </ClCompile>
    <ClCompile Include="Happy_26x26_2008_09_08_124526.cpp">
      <Filter>Models</Filter>
    </ClCompile>
    <ClCompile Include="FaceDetection.cpp" />
  </ItemGroup>
  <ItemGroup>
    <Filter Include="Models">
      <UniqueIdentifier>{1793471e-3ccb-449a-8fda-0a5611b4257f}</UniqueIdentifier>
    </Filter>
  </ItemGroup>
</Project>